lockfileVersion: '6.0'

settings:
  autoInstallPeers: true
  excludeLinksFromLockfile: false

dependencies:
  next:
    specifier: link:../../next.js/packages/next
    version: link:../../next.js/packages/next
  next}:
    specifier: link:../../next.js/{packages/next}
    version: link:../../next.js/{packages/next}
  react:
    specifier: link:../../next.js/node_modules/react
    version: link:../../next.js/node_modules/react
  react-dom:
    specifier: link:../../next.js/node_modules/react-dom
    version: link:../../next.js/node_modules/react-dom

optionalDependencies:
  '@next/swc-darwin-arm64':
    specifier: canary
    version: 13.4.8-canary.2
  '@next/swc-darwin-x64':
    specifier: canary
    version: 13.4.8-canary.2
  '@next/swc-linux-x64-gnu':
    specifier: canary
    version: 13.4.8-canary.2
  '@next/swc-win32-x64-msvc':
    specifier: canary
    version: 13.4.8-canary.2

packages:

  /@next/swc-darwin-arm64@13.4.8-canary.2:
    resolution: {integrity: sha512-BY+IsB3686LcOYovW+uW57W6DO0tADRpUKT6YdDQrEaEoc+qvLPCwyMzzi+M5h71JBd1NCzpgKN1nzpfn6oIVw==}
    engines: {node: '>= 10'}
    cpu: [arm64]
    os: [darwin]
    requiresBuild: true
    dev: false
    optional: true

  /@next/swc-darwin-x64@13.4.8-canary.2:
    resolution: {integrity: sha512-e8rSNpxuqjpRpwslZCYMN/vBIaPfB24QxtnSQ94A6r3Mz4WboL202tS8V5AgAoJngWn1Z9X0wH/IRBlwN6je+g==}
    engines: {node: '>= 10'}
    cpu: [x64]
    os: [darwin]
    requiresBuild: true
    dev: false
    optional: true

  /@next/swc-linux-x64-gnu@13.4.8-canary.2:
    resolution: {integrity: sha512-XuVEqU8d1N66zVyxo2P/UKsbj8kZ7q0mVxvd4Xf/I+1C4JE2huCuvmxmyvk87Eov+zKoAbf4dmYMZylM2ImlZA==}
    engines: {node: '>= 10'}
    cpu: [x64]
    os: [linux]
    requiresBuild: true
    dev: false
    optional: true

  /@next/swc-win32-x64-msvc@13.4.8-canary.2:
    resolution: {integrity: sha512-bMrs44eI+sCyIkasopXQrIwUzE4kKYiFQwrAZ/FIU1joV2IcGu8mPM2skk6E4XmAfUheql4CzvUe9fyypGIRpg==}
    engines: {node: '>= 10'}
    cpu: [x64]
    os: [win32]
    requiresBuild: true
    dev: false
    optional: true
